
Microsoft Visual Studio Solution File, Format Version 12.00
# Visual Studio 15
VisualStudioVersion = 15.0.28307.705
MinimumVisualStudioVersion = 10.0.40219.1
Project("{8BC9CEB8-8B4A-11D0-8D11-00A0C91BC942}") = "project one", "project one\project one.vcxproj", "{4832B1D9-90E3-41E3-94E8-3FA0F2881B72}"
EndProject
Global
	GlobalSection(SolutionConfigurationPlatforms) = preSolution
		Debug|x64 = Debug|x64
		Debug|x86 = Debug|x86
		Release|x64 = Release|x64
		Release|x86 = Release|x86
	EndGlobalSection
	GlobalSection(ProjectConfigurationPlatforms) = postSolution
		{4832B1D9-90E3-41E3-94E8-3FA0F2881B72}.Debug|x64.ActiveCfg = Debug|x64
		{4832B1D9-90E3-41E3-94E8-3FA0F2881B72}.Debug|x64.Build.0 = Debug|x64
		{4832B1D9-90E3-41E3-94E8-3FA0F2881B72}.Debug|x86.ActiveCfg = Debug|Win32
		{4832B1D9-90E3-41E3-94E8-3FA0F2881B72}.Debug|x86.Build.0 = Debug|Win32
		{4832B1D9-90E3-41E3-94E8-3FA0F2881B72}.Release|x64.ActiveCfg = Release|x64
		{4832B1D9-90E3-41E3-94E8-3FA0F2881B72}.Release|x64.Build.0 = Release|x64
		{4832B1D9-90E3-41E3-94E8-3FA0F2881B72}.Release|x86.ActiveCfg = Release|Win32
		{4832B1D9-90E3-41E3-94E8-3FA0F2881B72}.Release|x86.Build.0 = Release|Win32
	EndGlobalSection
	GlobalSection(SolutionProperties) = preSolution
		HideSolutionNode = FALSE
	EndGlobalSection
	GlobalSection(ExtensibilityGlobals) = postSolution
		SolutionGuid = {1D9CE758-D8E9-4A03-8504-315EF789877D}
	EndGlobalSection
EndGlobal
